
Microsoft Visual Studio Solution File, Format Version 12.00
# Visual Studio Version 17
VisualStudioVersion = 17.6.33723.286
MinimumVisualStudioVersion = 10.0.40219.1
Project("{FAE04EC0-301F-11D3-BF4B-00C04F79EFBC}") = "ConsoleApp12", "ConsoleApp12\ConsoleApp12.csproj", "{FA10D2A1-BC28-47FC-A89E-8885847FABFA}"
EndProject
Global
	GlobalSection(SolutionConfigurationPlatforms) = preSolution
		Debug|Any CPU = Debug|Any CPU
		Release|Any CPU = Release|Any CPU
	EndGlobalSection
	GlobalSection(ProjectConfigurationPlatforms) = postSolution
		{FA10D2A1-BC28-47FC-A89E-8885847FABFA}.Debug|Any CPU.ActiveCfg = Debug|Any CPU
		{FA10D2A1-BC28-47FC-A89E-8885847FABFA}.Debug|Any CPU.Build.0 = Debug|Any CPU
		{FA10D2A1-BC28-47FC-A89E-8885847FABFA}.Release|Any CPU.ActiveCfg = Release|Any CPU
		{FA10D2A1-BC28-47FC-A89E-8885847FABFA}.Release|Any CPU.Build.0 = Release|Any CPU
	EndGlobalSection
	GlobalSection(SolutionProperties) = preSolution
		HideSolutionNode = FALSE
	EndGlobalSection
	GlobalSection(ExtensibilityGlobals) = postSolution
		SolutionGuid = {C84B2F19-32C2-488F-BAD6-8E6ACCB2F5E4}
	EndGlobalSection
EndGlobal
